
Microsoft Visual Studio Solution File, Format Version 12.00
# Visual Studio 15
VisualStudioVersion = 15.0.27110.0
MinimumVisualStudioVersion = 10.0.40219.1
Project("{9A19103F-16F7-4668-BE54-9A1E7A4F7556}") = "SiliconPanda.Shared.Domain", "SiliconPanda.Shared.Domain\SiliconPanda.Shared.Domain.csproj", "{E8164EC5-7413-4989-ACD1-F300BB06D524}"
EndProject
Project("{2150E333-8FDC-42A3-9474-1A3956D46DE8}") = "Tests", "Tests", "{6598B5E8-2AE7-4B50-BC58-FA22E9899D7C}"
EndProject
Project("{FAE04EC0-301F-11D3-BF4B-00C04F79EFBC}") = "SiliconPanda.Shared.Domain.Tests", "SiliconPanda.Shared.Domain.Tests\SiliconPanda.Shared.Domain.Tests.csproj", "{FAB0FC85-133B-46F0-8CAA-FBF85BAE8916}"
EndProject
Global
	GlobalSection(SolutionConfigurationPlatforms) = preSolution
		Debug|Any CPU = Debug|Any CPU
		Release|Any CPU = Release|Any CPU
	EndGlobalSection
	GlobalSection(ProjectConfigurationPlatforms) = postSolution
		{E8164EC5-7413-4989-ACD1-F300BB06D524}.Debug|Any CPU.ActiveCfg = Debug|Any CPU
		{E8164EC5-7413-4989-ACD1-F300BB06D524}.Debug|Any CPU.Build.0 = Debug|Any CPU
		{E8164EC5-7413-4989-ACD1-F300BB06D524}.Release|Any CPU.ActiveCfg = Release|Any CPU
		{E8164EC5-7413-4989-ACD1-F300BB06D524}.Release|Any CPU.Build.0 = Release|Any CPU
		{FAB0FC85-133B-46F0-8CAA-FBF85BAE8916}.Debug|Any CPU.ActiveCfg = Debug|Any CPU
		{FAB0FC85-133B-46F0-8CAA-FBF85BAE8916}.Debug|Any CPU.Build.0 = Debug|Any CPU
		{FAB0FC85-133B-46F0-8CAA-FBF85BAE8916}.Release|Any CPU.ActiveCfg = Release|Any CPU
		{FAB0FC85-133B-46F0-8CAA-FBF85BAE8916}.Release|Any CPU.Build.0 = Release|Any CPU
	EndGlobalSection
	GlobalSection(SolutionProperties) = preSolution
		HideSolutionNode = FALSE
	EndGlobalSection
	GlobalSection(NestedProjects) = preSolution
		{FAB0FC85-133B-46F0-8CAA-FBF85BAE8916} = {6598B5E8-2AE7-4B50-BC58-FA22E9899D7C}
	EndGlobalSection
	GlobalSection(ExtensibilityGlobals) = postSolution
		SolutionGuid = {8B6ED393-FD99-4A79-8BBC-40D734BD3A56}
	EndGlobalSection
EndGlobal
